
Microsoft Visual Studio Solution File, Format Version 12.00
# Visual Studio Version 16
VisualStudioVersion = 16.0.35229.62
MinimumVisualStudioVersion = 10.0.40219.1
Project("{8BC9CEB8-8B4A-11D0-8D11-00A0C91BC942}") = "MyFiles", "MyFiles\MyFiles.vcxproj", "{94A01DD2-7321-46C8-9330-49FE29091DD3}"
EndProject
Global
	GlobalSection(SolutionConfigurationPlatforms) = preSolution
		Debug|x64 = Debug|x64
		Debug|x86 = Debug|x86
		Release|x64 = Release|x64
		Release|x86 = Release|x86
	EndGlobalSection
	GlobalSection(ProjectConfigurationPlatforms) = postSolution
		{94A01DD2-7321-46C8-9330-49FE29091DD3}.Debug|x64.ActiveCfg = Debug|x64
		{94A01DD2-7321-46C8-9330-49FE29091DD3}.Debug|x64.Build.0 = Debug|x64
		{94A01DD2-7321-46C8-9330-49FE29091DD3}.Debug|x86.ActiveCfg = Debug|Win32
		{94A01DD2-7321-46C8-9330-49FE29091DD3}.Debug|x86.Build.0 = Debug|Win32
		{94A01DD2-7321-46C8-9330-49FE29091DD3}.Release|x64.ActiveCfg = Release|x64
		{94A01DD2-7321-46C8-9330-49FE29091DD3}.Release|x64.Build.0 = Release|x64
		{94A01DD2-7321-46C8-9330-49FE29091DD3}.Release|x86.ActiveCfg = Release|Win32
		{94A01DD2-7321-46C8-9330-49FE29091DD3}.Release|x86.Build.0 = Release|Win32
	EndGlobalSection
	GlobalSection(SolutionProperties) = preSolution
		HideSolutionNode = FALSE
	EndGlobalSection
	GlobalSection(ExtensibilityGlobals) = postSolution
		SolutionGuid = {8AE1B539-015F-4109-AF6B-188BA6305CCE}
	EndGlobalSection
EndGlobal
